
Microsoft Visual Studio Solution File, Format Version 12.00
# Visual Studio 14
VisualStudioVersion = 14.0.23107.0
MinimumVisualStudioVersion = 10.0.40219.1
Project("{2150E333-8FDC-42A3-9474-1A3956D46DE8}") = "Solution Items", "Solution Items", "{03861EC3-74BF-4C86-ABF7-E0B18154BC70}"
	ProjectSection(SolutionItems) = preProject
		dolphin-5.emulatordef = dolphin-5.emulatordef
	EndProjectSection
EndProject
Project("{FAE04EC0-301F-11D3-BF4B-00C04F79EFBC}") = "DolphinBridge.Stable.Five", "DolphinBridge.Stable.Five\DolphinBridge.Stable.Five.csproj", "{FEF196A1-383E-4128-A89C-64FB9FF0B00A}"
EndProject
Global
	GlobalSection(SolutionConfigurationPlatforms) = preSolution
		Debug|Any CPU = Debug|Any CPU
		Release|Any CPU = Release|Any CPU
	EndGlobalSection
	GlobalSection(ProjectConfigurationPlatforms) = postSolution
		{FEF196A1-383E-4128-A89C-64FB9FF0B00A}.Debug|Any CPU.ActiveCfg = Debug|Any CPU
		{FEF196A1-383E-4128-A89C-64FB9FF0B00A}.Debug|Any CPU.Build.0 = Debug|Any CPU
		{FEF196A1-383E-4128-A89C-64FB9FF0B00A}.Release|Any CPU.ActiveCfg = Release|Any CPU
		{FEF196A1-383E-4128-A89C-64FB9FF0B00A}.Release|Any CPU.Build.0 = Release|Any CPU
	EndGlobalSection
	GlobalSection(SolutionProperties) = preSolution
		HideSolutionNode = FALSE
	EndGlobalSection
EndGlobal
